
Microsoft Visual Studio Solution File, Format Version 12.00
# Visual Studio 15
VisualStudioVersion = 15.0.28010.2019
MinimumVisualStudioVersion = 10.0.40219.1
Project("{FAE04EC0-301F-11D3-BF4B-00C04F79EFBC}") = "Connect4", "Connect4\Connect4.csproj", "{F3FF1B57-643D-4207-8ADC-C71B7B5C2E00}"
EndProject
Project("{FAE04EC0-301F-11D3-BF4B-00C04F79EFBC}") = "Connect4Testing", "Connect4Testing\Connect4Testing.csproj", "{30D23648-398F-4C02-8B3E-68B071286625}"
EndProject
Global
	GlobalSection(SolutionConfigurationPlatforms) = preSolution
		Debug|Any CPU = Debug|Any CPU
		Release|Any CPU = Release|Any CPU
	EndGlobalSection
	GlobalSection(ProjectConfigurationPlatforms) = postSolution
		{F3FF1B57-643D-4207-8ADC-C71B7B5C2E00}.Debug|Any CPU.ActiveCfg = Debug|Any CPU
		{F3FF1B57-643D-4207-8ADC-C71B7B5C2E00}.Debug|Any CPU.Build.0 = Debug|Any CPU
		{F3FF1B57-643D-4207-8ADC-C71B7B5C2E00}.Release|Any CPU.ActiveCfg = Release|Any CPU
		{F3FF1B57-643D-4207-8ADC-C71B7B5C2E00}.Release|Any CPU.Build.0 = Release|Any CPU
		{30D23648-398F-4C02-8B3E-68B071286625}.Debug|Any CPU.ActiveCfg = Debug|Any CPU
		{30D23648-398F-4C02-8B3E-68B071286625}.Debug|Any CPU.Build.0 = Debug|Any CPU
		{30D23648-398F-4C02-8B3E-68B071286625}.Release|Any CPU.ActiveCfg = Release|Any CPU
		{30D23648-398F-4C02-8B3E-68B071286625}.Release|Any CPU.Build.0 = Release|Any CPU
	EndGlobalSection
	GlobalSection(SolutionProperties) = preSolution
		HideSolutionNode = FALSE
	EndGlobalSection
	GlobalSection(ExtensibilityGlobals) = postSolution
		SolutionGuid = {D4630A0E-8963-41C6-8F20-A0380937946C}
	EndGlobalSection
EndGlobal
